// !$*UTF8*$!
{
	archiveVersion = 1;
	classes = {
	};
	objectVersion = 51;
	objects = {

/* Begin PBXBuildFile section */
		BCC1C8B24C56D50EEB36B078 /* Pods_RxStudy.framework in Frameworks */ = {isa = PBXBuildFile; fileRef = 0381CBCABC713FE7A492136D /* Pods_RxStudy.framework */; };
		DAB9F5A4253416F800A643A8 /* AppDelegate.swift in Sources */ = {isa = PBXBuildFile; fileRef = DAB9F5A3253416F800A643A8 /* AppDelegate.swift */; };
		DAB9F5A6253416F800A643A8 /* SceneDelegate.swift in Sources */ = {isa = PBXBuildFile; fileRef = DAB9F5A5253416F800A643A8 /* SceneDelegate.swift */; };
		DAB9F5A8253416F800A643A8 /* ViewController.swift in Sources */ = {isa = PBXBuildFile; fileRef = DAB9F5A7253416F800A643A8 /* ViewController.swift */; };
		DAB9F5AB253416F800A643A8 /* Main.storyboard in Resources */ = {isa = PBXBuildFile; fileRef = DAB9F5A9253416F800A643A8 /* Main.storyboard */; };
		DAB9F5AD253416FB00A643A8 /* Assets.xcassets in Resources */ = {isa = PBXBuildFile; fileRef = DAB9F5AC253416FB00A643A8 /* Assets.xcassets */; };
		DAB9F5B0253416FB00A643A8 /* LaunchScreen.storyboard in Resources */ = {isa = PBXBuildFile; fileRef = DAB9F5AE253416FB00A643A8 /* LaunchScreen.storyboard */; };
/* End PBXBuildFile section */

/* Begin PBXFileReference section */
		0381CBCABC713FE7A492136D /* Pods_RxStudy.framework */ = {isa = PBXFileReference; explicitFileType = wrapper.framework; includeInIndex = 0; path = Pods_RxStudy.framework; sourceTree = BUILT_PRODUCTS_DIR; };
		80A2BE61C46AE02C5620EA3E /* Pods-RxStudy.release.xcconfig */ = {isa = PBXFileReference; includeInIndex = 1; lastKnownFileType = text.xcconfig; name = "Pods-RxStudy.release.xcconfig"; path = "Target Support Files/Pods-RxStudy/Pods-RxStudy.release.xcconfig"; sourceTree = "<group>"; };
		9AF463BE2447711FFFE69935 /* Pods-RxStudy.debug.xcconfig */ = {isa = PBXFileReference; includeInIndex = 1; lastKnownFileType = text.xcconfig; name = "Pods-RxStudy.debug.xcconfig"; path = "Target Support Files/Pods-RxStudy/Pods-RxStudy.debug.xcconfig"; sourceTree = "<group>"; };
		DA3223AD253423B600478039 /* Hello.playground */ = {isa = PBXFileReference; lastKnownFileType = file.playground; path = Hello.playground; sourceTree = "<group>"; xcLanguageSpecificationIdentifier = xcode.lang.swift; };
		DA3223B225342ABC00478039 /* Observable.playground */ = {isa = PBXFileReference; lastKnownFileType = file.playground; path = Observable.playground; sourceTree = "<group>"; xcLanguageSpecificationIdentifier = xcode.lang.swift; };
		DA6A10C22535AC1E008C0871 /* Disposable.playground */ = {isa = PBXFileReference; lastKnownFileType = file.playground; path = Disposable.playground; sourceTree = "<group>"; xcLanguageSpecificationIdentifier = xcode.lang.swift; };
		DA6A10C52535AE83008C0871 /* Operator.playground */ = {isa = PBXFileReference; lastKnownFileType = file.playground; path = Operator.playground; sourceTree = "<group>"; xcLanguageSpecificationIdentifier = xcode.lang.swift; };
		DA6A10C82535AF77008C0871 /* Subject.playground */ = {isa = PBXFileReference; lastKnownFileType = file.playground; path = Subject.playground; sourceTree = "<group>"; xcLanguageSpecificationIdentifier = xcode.lang.swift; };
		DA6A10CA2535B35C008C0871 /* PublishSubject.playground */ = {isa = PBXFileReference; lastKnownFileType = file.playground; path = PublishSubject.playground; sourceTree = "<group>"; xcLanguageSpecificationIdentifier = xcode.lang.swift; };
		DA6A10CC2535B36A008C0871 /* BehaviorSubject.playground */ = {isa = PBXFileReference; lastKnownFileType = file.playground; path = BehaviorSubject.playground; sourceTree = "<group>"; xcLanguageSpecificationIdentifier = xcode.lang.swift; };
		DA6A10CE2535B479008C0871 /* ReplaySubject.playground */ = {isa = PBXFileReference; lastKnownFileType = file.playground; path = ReplaySubject.playground; sourceTree = "<group>"; xcLanguageSpecificationIdentifier = xcode.lang.swift; };
		DA6A10D02535B5C8008C0871 /* AsyncSubject.playground */ = {isa = PBXFileReference; lastKnownFileType = file.playground; path = AsyncSubject.playground; sourceTree = "<group>"; xcLanguageSpecificationIdentifier = xcode.lang.swift; };
		DA6A10D32535B6A9008C0871 /* Relays.playground */ = {isa = PBXFileReference; lastKnownFileType = file.playground; path = Relays.playground; sourceTree = "<group>"; xcLanguageSpecificationIdentifier = xcode.lang.swift; };
		DAB9F5A0253416F800A643A8 /* RxStudy.app */ = {isa = PBXFileReference; explicitFileType = wrapper.application; includeInIndex = 0; path = RxStudy.app; sourceTree = BUILT_PRODUCTS_DIR; };
		DAB9F5A3253416F800A643A8 /* AppDelegate.swift */ = {isa = PBXFileReference; lastKnownFileType = sourcecode.swift; path = AppDelegate.swift; sourceTree = "<group>"; };
		DAB9F5A5253416F800A643A8 /* SceneDelegate.swift */ = {isa = PBXFileReference; lastKnownFileType = sourcecode.swift; path = SceneDelegate.swift; sourceTree = "<group>"; };
		DAB9F5A7253416F800A643A8 /* ViewController.swift */ = {isa = PBXFileReference; lastKnownFileType = sourcecode.swift; path = ViewController.swift; sourceTree = "<group>"; };
		DAB9F5AA253416F800A643A8 /* Base */ = {isa = PBXFileReference; lastKnownFileType = file.storyboard; name = Base; path = Base.lproj/Main.storyboard; sourceTree = "<group>"; };
		DAB9F5AC253416FB00A643A8 /* Assets.xcassets */ = {isa = PBXFileReference; lastKnownFileType = folder.assetcatalog; path = Assets.xcassets; sourceTree = "<group>"; };
		DAB9F5AF253416FB00A643A8 /* Base */ = {isa = PBXFileReference; lastKnownFileType = file.storyboard; name = Base; path = Base.lproj/LaunchScreen.storyboard; sourceTree = "<group>"; };
		DAB9F5B1253416FB00A643A8 /* Info.plist */ = {isa = PBXFileReference; lastKnownFileType = text.plist.xml; path = Info.plist; sourceTree = "<group>"; };
/* End PBXFileReference section */

/* Begin PBXFrameworksBuildPhase section */
		DAB9F59D253416F800A643A8 /* Frameworks */ = {
			isa = PBXFrameworksBuildPhase;
			buildActionMask = 2147483647;
			files = (
				BCC1C8B24C56D50EEB36B078 /* Pods_RxStudy.framework in Frameworks */,
			);
			runOnlyForDeploymentPostprocessing = 0;
		};
/* End PBXFrameworksBuildPhase section */

/* Begin PBXGroup section */
		81335A1C6193B0174C12374D /* Pods */ = {
			isa = PBXGroup;
			children = (
				9AF463BE2447711FFFE69935 /* Pods-RxStudy.debug.xcconfig */,
				80A2BE61C46AE02C5620EA3E /* Pods-RxStudy.release.xcconfig */,
			);
			path = Pods;
			sourceTree = "<group>";
		};
		92DB3FD6C46D5A8D09E51932 /* Frameworks */ = {
			isa = PBXGroup;
			children = (
				0381CBCABC713FE7A492136D /* Pods_RxStudy.framework */,
			);
			name = Frameworks;
			sourceTree = "<group>";
		};
		DA3223B12534298B00478039 /* Observable */ = {
			isa = PBXGroup;
			children = (
				DA3223B225342ABC00478039 /* Observable.playground */,
			);
			path = Observable;
			sourceTree = "<group>";
		};
		DA6A10C12535AC0F008C0871 /* Disposable */ = {
			isa = PBXGroup;
			children = (
				DA6A10C22535AC1E008C0871 /* Disposable.playground */,
			);
			path = Disposable;
			sourceTree = "<group>";
		};
		DA6A10C42535AE69008C0871 /* Operators */ = {
			isa = PBXGroup;
			children = (
				DA6A10C52535AE83008C0871 /* Operator.playground */,
			);
			path = Operators;
			sourceTree = "<group>";
		};
		DA6A10C72535AF6F008C0871 /* Subject */ = {
			isa = PBXGroup;
			children = (
				DA6A10C82535AF77008C0871 /* Subject.playground */,
				DA6A10CA2535B35C008C0871 /* PublishSubject.playground */,
				DA6A10CC2535B36A008C0871 /* BehaviorSubject.playground */,
				DA6A10CE2535B479008C0871 /* ReplaySubject.playground */,
				DA6A10D02535B5C8008C0871 /* AsyncSubject.playground */,
				DA6A10D32535B6A9008C0871 /* Relays.playground */,
			);
			path = Subject;
			sourceTree = "<group>";
		};
		DAB9F597253416F800A643A8 = {
			isa = PBXGroup;
			children = (
				DAB9F5A2253416F800A643A8 /* RxStudy */,
				DAB9F5A1253416F800A643A8 /* Products */,
				81335A1C6193B0174C12374D /* Pods */,
				92DB3FD6C46D5A8D09E51932 /* Frameworks */,
			);
			sourceTree = "<group>";
		};
		DAB9F5A1253416F800A643A8 /* Products */ = {
			isa = PBXGroup;
			children = (
				DAB9F5A0253416F800A643A8 /* RxStudy.app */,
			);
			name = Products;
			sourceTree = "<group>";
		};
		DAB9F5A2253416F800A643A8 /* RxStudy */ = {
			isa = PBXGroup;
			children = (
				DA6A10C72535AF6F008C0871 /* Subject */,
				DA6A10C42535AE69008C0871 /* Operators */,
				DA6A10C12535AC0F008C0871 /* Disposable */,
				DA3223B12534298B00478039 /* Observable */,
				DAB9F5B72534182100A643A8 /* Home */,
				DAB9F5A3253416F800A643A8 /* AppDelegate.swift */,
				DAB9F5A5253416F800A643A8 /* SceneDelegate.swift */,
				DAB9F5A7253416F800A643A8 /* ViewController.swift */,
				DAB9F5A9253416F800A643A8 /* Main.storyboard */,
				DAB9F5AC253416FB00A643A8 /* Assets.xcassets */,
				DAB9F5AE253416FB00A643A8 /* LaunchScreen.storyboard */,
				DAB9F5B1253416FB00A643A8 /* Info.plist */,
			);
			path = RxStudy;
			sourceTree = "<group>";
		};
		DAB9F5B72534182100A643A8 /* Home */ = {
			isa = PBXGroup;
			children = (
				DA3223AD253423B600478039 /* Hello.playground */,
			);
			path = Home;
			sourceTree = "<group>";
		};
/* End PBXGroup section */

/* Begin PBXNativeTarget section */
		DAB9F59F253416F800A643A8 /* RxStudy */ = {
			isa = PBXNativeTarget;
			buildConfigurationList = DAB9F5B4253416FB00A643A8 /* Build configuration list for PBXNativeTarget "RxStudy" */;
			buildPhases = (
				4FA2CCAEEDD72A9D0F7F1E3E /* [CP] Check Pods Manifest.lock */,
				DAB9F59C253416F800A643A8 /* Sources */,
				DAB9F59D253416F800A643A8 /* Frameworks */,
				DAB9F59E253416F800A643A8 /* Resources */,
				AE910FDF29F83D355CAD998B /* [CP] Embed Pods Frameworks */,
			);
			buildRules = (
			);
			dependencies = (
			);
			name = RxStudy;
			productName = RxStudy;
			productReference = DAB9F5A0253416F800A643A8 /* RxStudy.app */;
			productType = "com.apple.product-type.application";
		};
/* End PBXNativeTarget section */

/* Begin PBXProject section */
		DAB9F598253416F800A643A8 /* Project object */ = {
			isa = PBXProject;
			attributes = {
				LastSwiftUpdateCheck = 1170;
				LastUpgradeCheck = 1170;
				ORGANIZATIONNAME = dustin;
				TargetAttributes = {
					DAB9F59F253416F800A643A8 = {
						CreatedOnToolsVersion = 11.7;
					};
				};
			};
			buildConfigurationList = DAB9F59B253416F800A643A8 /* Build configuration list for PBXProject "RxStudy" */;
			compatibilityVersion = "Xcode 9.3";
			developmentRegion = en;
			hasScannedForEncodings = 0;
			knownRegions = (
				en,
				Base,
			);
			mainGroup = DAB9F597253416F800A643A8;
			productRefGroup = DAB9F5A1253416F800A643A8 /* Products */;
			projectDirPath = "";
			projectRoot = "";
			targets = (
				DAB9F59F253416F800A643A8 /* RxStudy */,
			);
		};
/* End PBXProject section */

/* Begin PBXResourcesBuildPhase section */
		DAB9F59E253416F800A643A8 /* Resources */ = {
			isa = PBXResourcesBuildPhase;
			buildActionMask = 2147483647;
			files = (
				DAB9F5B0253416FB00A643A8 /* LaunchScreen.storyboard in Resources */,
				DAB9F5AD253416FB00A643A8 /* Assets.xcassets in Resources */,
				DAB9F5AB253416F800A643A8 /* Main.storyboard in Resources */,
			);
			runOnlyForDeploymentPostprocessing = 0;
		};
/* End PBXResourcesBuildPhase section */

/* Begin PBXShellScriptBuildPhase section */
		4FA2CCAEEDD72A9D0F7F1E3E /* [CP] Check Pods Manifest.lock */ = {
			isa = PBXShellScriptBuildPhase;
			buildActionMask = 2147483647;
			files = (
			);
			inputFileListPaths = (
			);
			inputPaths = (
				"${PODS_PODFILE_DIR_PATH}/Podfile.lock",
				"${PODS_ROOT}/Manifest.lock",
			);
			name = "[CP] Check Pods Manifest.lock";
			outputFileListPaths = (
			);
			outputPaths = (
				"$(DERIVED_FILE_DIR)/Pods-RxStudy-checkManifestLockResult.txt",
			);
			runOnlyForDeploymentPostprocessing = 0;
			shellPath = /bin/sh;
			shellScript = "diff \"${PODS_PODFILE_DIR_PATH}/Podfile.lock\" \"${PODS_ROOT}/Manifest.lock\" > /dev/null\nif [ $? != 0 ] ; then\n    # print error to STDERR\n    echo \"error: The sandbox is not in sync with the Podfile.lock. Run 'pod install' or update your CocoaPods installation.\" >&2\n    exit 1\nfi\n# This output is used by Xcode 'outputs' to avoid re-running this script phase.\necho \"SUCCESS\" > \"${SCRIPT_OUTPUT_FILE_0}\"\n";
			showEnvVarsInLog = 0;
		};
		AE910FDF29F83D355CAD998B /* [CP] Embed Pods Frameworks */ = {
			isa = PBXShellScriptBuildPhase;
			buildActionMask = 2147483647;
			files = (
			);
			inputFileListPaths = (
				"${PODS_ROOT}/Target Support Files/Pods-RxStudy/Pods-RxStudy-frameworks-${CONFIGURATION}-input-files.xcfilelist",
			);
			name = "[CP] Embed Pods Frameworks";
			outputFileListPaths = (
				"${PODS_ROOT}/Target Support Files/Pods-RxStudy/Pods-RxStudy-frameworks-${CONFIGURATION}-output-files.xcfilelist",
			);
			runOnlyForDeploymentPostprocessing = 0;
			shellPath = /bin/sh;
			shellScript = "\"${PODS_ROOT}/Target Support Files/Pods-RxStudy/Pods-RxStudy-frameworks.sh\"\n";
			showEnvVarsInLog = 0;
		};
/* End PBXShellScriptBuildPhase section */

/* Begin PBXSourcesBuildPhase section */
		DAB9F59C253416F800A643A8 /* Sources */ = {
			isa = PBXSourcesBuildPhase;
			buildActionMask = 2147483647;
			files = (
				DAB9F5A8253416F800A643A8 /* ViewController.swift in Sources */,
				DAB9F5A4253416F800A643A8 /* AppDelegate.swift in Sources */,
				DAB9F5A6253416F800A643A8 /* SceneDelegate.swift in Sources */,
			);
			runOnlyForDeploymentPostprocessing = 0;
		};
/* End PBXSourcesBuildPhase section */

/* Begin PBXVariantGroup section */
		DAB9F5A9253416F800A643A8 /* Main.storyboard */ = {
			isa = PBXVariantGroup;
			children = (
				DAB9F5AA253416F800A643A8 /* Base */,
			);
			name = Main.storyboard;
			sourceTree = "<group>";
		};
		DAB9F5AE253416FB00A643A8 /* LaunchScreen.storyboard */ = {
			isa = PBXVariantGroup;
			children = (
				DAB9F5AF253416FB00A643A8 /* Base */,
			);
			name = LaunchScreen.storyboard;
			sourceTree = "<group>";
		};
/* End PBXVariantGroup section */

/* Begin XCBuildConfiguration section */
		DAB9F5B2253416FB00A643A8 /* Debug */ = {
			isa = XCBuildConfiguration;
			buildSettings = {
				ALWAYS_SEARCH_USER_PATHS = NO;
				CLANG_ANALYZER_NONNULL = YES;
				CLANG_ANALYZER_NUMBER_OBJECT_CONVERSION = YES_AGGRESSIVE;
				CLANG_CXX_LANGUAGE_STANDARD = "gnu++14";
				CLANG_CXX_LIBRARY = "libc++";
				CLANG_ENABLE_MODULES = YES;
				CLANG_ENABLE_OBJC_ARC = YES;
				CLANG_ENABLE_OBJC_WEAK = YES;
				CLANG_WARN_BLOCK_CAPTURE_AUTORELEASING = YES;
				CLANG_WARN_BOOL_CONVERSION = YES;
				CLANG_WARN_COMMA = YES;
				CLANG_WARN_CONSTANT_CONVERSION = YES;
				CLANG_WARN_DEPRECATED_OBJC_IMPLEMENTATIONS = YES;
				CLANG_WARN_DIRECT_OBJC_ISA_USAGE = YES_ERROR;
				CLANG_WARN_DOCUMENTATION_COMMENTS = YES;
				CLANG_WARN_EMPTY_BODY = YES;
				CLANG_WARN_ENUM_CONVERSION = YES;
				CLANG_WARN_INFINITE_RECURSION = YES;
				CLANG_WARN_INT_CONVERSION = YES;
				CLANG_WARN_NON_LITERAL_NULL_CONVERSION = YES;
				CLANG_WARN_OBJC_IMPLICIT_RETAIN_SELF = YES;
				CLANG_WARN_OBJC_LITERAL_CONVERSION = YES;
				CLANG_WARN_OBJC_ROOT_CLASS = YES_ERROR;
				CLANG_WARN_RANGE_LOOP_ANALYSIS = YES;
				CLANG_WARN_STRICT_PROTOTYPES = YES;
				CLANG_WARN_SUSPICIOUS_MOVE = YES;
				CLANG_WARN_UNGUARDED_AVAILABILITY = YES_AGGRESSIVE;
				CLANG_WARN_UNREACHABLE_CODE = YES;
				CLANG_WARN__DUPLICATE_METHOD_MATCH = YES;
				COPY_PHASE_STRIP = NO;
				DEBUG_INFORMATION_FORMAT = dwarf;
				ENABLE_STRICT_OBJC_MSGSEND = YES;
				ENABLE_TESTABILITY = YES;
				GCC_C_LANGUAGE_STANDARD = gnu11;
				GCC_DYNAMIC_NO_PIC = NO;
				GCC_NO_COMMON_BLOCKS = YES;
				GCC_OPTIMIZATION_LEVEL = 0;
				GCC_PREPROCESSOR_DEFINITIONS = (
					"DEBUG=1",
					"$(inherited)",
				);
				GCC_WARN_64_TO_32_BIT_CONVERSION = YES;
				GCC_WARN_ABOUT_RETURN_TYPE = YES_ERROR;
				GCC_WARN_UNDECLARED_SELECTOR = YES;
				GCC_WARN_UNINITIALIZED_AUTOS = YES_AGGRESSIVE;
				GCC_WARN_UNUSED_FUNCTION = YES;
				GCC_WARN_UNUSED_VARIABLE = YES;
				IPHONEOS_DEPLOYMENT_TARGET = 13.7;
				MTL_ENABLE_DEBUG_INFO = INCLUDE_SOURCE;
				MTL_FAST_MATH = YES;
				ONLY_ACTIVE_ARCH = YES;
				SDKROOT = iphoneos;
				SWIFT_ACTIVE_COMPILATION_CONDITIONS = DEBUG;
				SWIFT_OPTIMIZATION_LEVEL = "-Onone";
			};
			name = Debug;
		};
		DAB9F5B3253416FB00A643A8 /* Release */ = {
			isa = XCBuildConfiguration;
			buildSettings = {
				ALWAYS_SEARCH_USER_PATHS = NO;
				CLANG_ANALYZER_NONNULL = YES;
				CLANG_ANALYZER_NUMBER_OBJECT_CONVERSION = YES_AGGRESSIVE;
				CLANG_CXX_LANGUAGE_STANDARD = "gnu++14";
				CLANG_CXX_LIBRARY = "libc++";
				CLANG_ENABLE_MODULES = YES;
				CLANG_ENABLE_OBJC_ARC = YES;
				CLANG_ENABLE_OBJC_WEAK = YES;
				CLANG_WARN_BLOCK_CAPTURE_AUTORELEASING = YES;
				CLANG_WARN_BOOL_CONVERSION = YES;
				CLANG_WARN_COMMA = YES;
				CLANG_WARN_CONSTANT_CONVERSION = YES;
				CLANG_WARN_DEPRECATED_OBJC_IMPLEMENTATIONS = YES;
				CLANG_WARN_DIRECT_OBJC_ISA_USAGE = YES_ERROR;
				CLANG_WARN_DOCUMENTATION_COMMENTS = YES;
				CLANG_WARN_EMPTY_BODY = YES;
				CLANG_WARN_ENUM_CONVERSION = YES;
				CLANG_WARN_INFINITE_RECURSION = YES;
				CLANG_WARN_INT_CONVERSION = YES;
				CLANG_WARN_NON_LITERAL_NULL_CONVERSION = YES;
				CLANG_WARN_OBJC_IMPLICIT_RETAIN_SELF = YES;
				CLANG_WARN_OBJC_LITERAL_CONVERSION = YES;
				CLANG_WARN_OBJC_ROOT_CLASS = YES_ERROR;
				CLANG_WARN_RANGE_LOOP_ANALYSIS = YES;
				CLANG_WARN_STRICT_PROTOTYPES = YES;
				CLANG_WARN_SUSPICIOUS_MOVE = YES;
				CLANG_WARN_UNGUARDED_AVAILABILITY = YES_AGGRESSIVE;
				CLANG_WARN_UNREACHABLE_CODE = YES;
				CLANG_WARN__DUPLICATE_METHOD_MATCH = YES;
				COPY_PHASE_STRIP = NO;
				DEBUG_INFORMATION_FORMAT = "dwarf-with-dsym";
				ENABLE_NS_ASSERTIONS = NO;
				ENABLE_STRICT_OBJC_MSGSEND = YES;
				GCC_C_LANGUAGE_STANDARD = gnu11;
				GCC_NO_COMMON_BLOCKS = YES;
				GCC_WARN_64_TO_32_BIT_CONVERSION = YES;
				GCC_WARN_ABOUT_RETURN_TYPE = YES_ERROR;
				GCC_WARN_UNDECLARED_SELECTOR = YES;
				GCC_WARN_UNINITIALIZED_AUTOS = YES_AGGRESSIVE;
				GCC_WARN_UNUSED_FUNCTION = YES;
				GCC_WARN_UNUSED_VARIABLE = YES;
				IPHONEOS_DEPLOYMENT_TARGET = 13.7;
				MTL_ENABLE_DEBUG_INFO = NO;
				MTL_FAST_MATH = YES;
				SDKROOT = iphoneos;
				SWIFT_COMPILATION_MODE = wholemodule;
				SWIFT_OPTIMIZATION_LEVEL = "-O";
				VALIDATE_PRODUCT = YES;
			};
			name = Release;
		};
		DAB9F5B5253416FB00A643A8 /* Debug */ = {
			isa = XCBuildConfiguration;
			baseConfigurationReference = 9AF463BE2447711FFFE69935 /* Pods-RxStudy.debug.xcconfig */;
			buildSettings = {
				ASSETCATALOG_COMPILER_APPICON_NAME = AppIcon;
				CODE_SIGN_STYLE = Automatic;
				DEVELOPMENT_TEAM = 3VT454RG8M;
				INFOPLIST_FILE = RxStudy/Info.plist;
				LD_RUNPATH_SEARCH_PATHS = (
					"$(inherited)",
					"@executable_path/Frameworks",
				);
				PRODUCT_BUNDLE_IDENTIFIER = com.sindy.RxStudy;
				PRODUCT_NAME = "$(TARGET_NAME)";
				SWIFT_VERSION = 5.0;
				TARGETED_DEVICE_FAMILY = "1,2";
			};
			name = Debug;
		};
		DAB9F5B6253416FB00A643A8 /* Release */ = {
			isa = XCBuildConfiguration;
			baseConfigurationReference = 80A2BE61C46AE02C5620EA3E /* Pods-RxStudy.release.xcconfig */;
			buildSettings = {
				ASSETCATALOG_COMPILER_APPICON_NAME = AppIcon;
				CODE_SIGN_STYLE = Automatic;
				DEVELOPMENT_TEAM = 3VT454RG8M;
				INFOPLIST_FILE = RxStudy/Info.plist;
				LD_RUNPATH_SEARCH_PATHS = (
					"$(inherited)",
					"@executable_path/Frameworks",
				);
				PRODUCT_BUNDLE_IDENTIFIER = com.sindy.RxStudy;
				PRODUCT_NAME = "$(TARGET_NAME)";
				SWIFT_VERSION = 5.0;
				TARGETED_DEVICE_FAMILY = "1,2";
			};
			name = Release;
		};
/* End XCBuildConfiguration section */

/* Begin XCConfigurationList section */
		DAB9F59B253416F800A643A8 /* Build configuration list for PBXProject "RxStudy" */ = {
			isa = XCConfigurationList;
			buildConfigurations = (
				DAB9F5B2253416FB00A643A8 /* Debug */,
				DAB9F5B3253416FB00A643A8 /* Release */,
			);
			defaultConfigurationIsVisible = 0;
			defaultConfigurationName = Release;
		};
		DAB9F5B4253416FB00A643A8 /* Build configuration list for PBXNativeTarget "RxStudy" */ = {
			isa = XCConfigurationList;
			buildConfigurations = (
				DAB9F5B5253416FB00A643A8 /* Debug */,
				DAB9F5B6253416FB00A643A8 /* Release */,
			);
			defaultConfigurationIsVisible = 0;
			defaultConfigurationName = Release;
		};
/* End XCConfigurationList section */
	};
	rootObject = DAB9F598253416F800A643A8 /* Project object */;
}
